// !$*UTF8*$!
{
	archiveVersion = 1;
	classes = {
	};
	objectVersion = 46;
	objects = {

/* Begin PBXBuildFile section */
		A50F820F16FF211C00F68CF8 /* libz.dylib in Frameworks */ = {isa = PBXBuildFile; fileRef = A50F820E16FF211C00F68CF8 /* libz.dylib */; };
		A5210F1B16F8E206008FC5DA /* UIKit.framework in Frameworks */ = {isa = PBXBuildFile; fileRef = A5210F1A16F8E206008FC5DA /* UIKit.framework */; };
		A5210F1D16F8E206008FC5DA /* Foundation.framework in Frameworks */ = {isa = PBXBuildFile; fileRef = A5210F1C16F8E206008FC5DA /* Foundation.framework */; };
		A5210F1F16F8E206008FC5DA /* CoreGraphics.framework in Frameworks */ = {isa = PBXBuildFile; fileRef = A5210F1E16F8E206008FC5DA /* CoreGraphics.framework */; };
		A5210F2716F8E206008FC5DA /* main.m in Sources */ = {isa = PBXBuildFile; fileRef = A5210F2616F8E206008FC5DA /* main.m */; };
		A5210F2B16F8E206008FC5DA /* IPAppDelegate.m in Sources */ = {isa = PBXBuildFile; fileRef = A5210F2A16F8E206008FC5DA /* IPAppDelegate.m */; };
		A5210F3416F8E206008FC5DA /* IPViewController.m in Sources */ = {isa = PBXBuildFile; fileRef = A5210F3316F8E206008FC5DA /* IPViewController.m */; };
		A5E0F4A1176A13F0007A4F40 /* XQueryComponents.m in Sources */ = {isa = PBXBuildFile; fileRef = A5E0F4A0176A13F0007A4F40 /* XQueryComponents.m */; };
		A5E873221741468A00A158D3 /* SystemConfiguration.framework in Frameworks */ = {isa = PBXBuildFile; fileRef = A5E873211741468A00A158D3 /* SystemConfiguration.framework */; };
		A5E873241741469B00A158D3 /* CoreData.framework in Frameworks */ = {isa = PBXBuildFile; fileRef = A5E873231741469B00A158D3 /* CoreData.framework */; };
		AF24EF5F17636721002E2B89 /* app.zip in Resources */ = {isa = PBXBuildFile; fileRef = AF24EF5917636721002E2B89 /* app.zip */; };
		AF65722A1A5C9A2F000FC98B /* Images.xcassets in Resources */ = {isa = PBXBuildFile; fileRef = AF6572291A5C9A2F000FC98B /* Images.xcassets */; };
		AF65723A1A5C9D59000FC98B /* ioapi.c in Sources */ = {isa = PBXBuildFile; fileRef = AF6572301A5C9D59000FC98B /* ioapi.c */; settings = {COMPILER_FLAGS = "-Wno-all"; }; };
		AF65723B1A5C9D59000FC98B /* MiniZip.m in Sources */ = {isa = PBXBuildFile; fileRef = AF6572331A5C9D59000FC98B /* MiniZip.m */; settings = {COMPILER_FLAGS = "-fno-objc-arc"; }; };
		AF65723C1A5C9D59000FC98B /* mztools.c in Sources */ = {isa = PBXBuildFile; fileRef = AF6572341A5C9D59000FC98B /* mztools.c */; settings = {COMPILER_FLAGS = "-Wno-all"; }; };
		AF65723D1A5C9D59000FC98B /* unzip.c in Sources */ = {isa = PBXBuildFile; fileRef = AF6572361A5C9D59000FC98B /* unzip.c */; settings = {COMPILER_FLAGS = "-Wno-all"; }; };
		AF65723E1A5C9D59000FC98B /* zip.c in Sources */ = {isa = PBXBuildFile; fileRef = AF6572381A5C9D59000FC98B /* zip.c */; settings = {COMPILER_FLAGS = "-Wno-all"; }; };
		AF65724C1A5C9E20000FC98B /* libGoogleAnalyticsServices.a in Frameworks */ = {isa = PBXBuildFile; fileRef = AF65724B1A5C9E20000FC98B /* libGoogleAnalyticsServices.a */; };
/* End PBXBuildFile section */

/* Begin PBXFileReference section */
		A50F820E16FF211C00F68CF8 /* libz.dylib */ = {isa = PBXFileReference; lastKnownFileType = "compiled.mach-o.dylib"; name = libz.dylib; path = usr/lib/libz.dylib; sourceTree = SDKROOT; };
		A5210F1716F8E206008FC5DA /* iNews76.app */ = {isa = PBXFileReference; explicitFileType = wrapper.application; includeInIndex = 0; path = iNews76.app; sourceTree = BUILT_PRODUCTS_DIR; };
		A5210F1A16F8E206008FC5DA /* UIKit.framework */ = {isa = PBXFileReference; lastKnownFileType = wrapper.framework; name = UIKit.framework; path = System/Library/Frameworks/UIKit.framework; sourceTree = SDKROOT; };
		A5210F1C16F8E206008FC5DA /* Foundation.framework */ = {isa = PBXFileReference; lastKnownFileType = wrapper.framework; name = Foundation.framework; path = System/Library/Frameworks/Foundation.framework; sourceTree = SDKROOT; };
		A5210F1E16F8E206008FC5DA /* CoreGraphics.framework */ = {isa = PBXFileReference; lastKnownFileType = wrapper.framework; name = CoreGraphics.framework; path = System/Library/Frameworks/CoreGraphics.framework; sourceTree = SDKROOT; };
		A5210F2216F8E206008FC5DA /* iNews76-Info.plist */ = {isa = PBXFileReference; lastKnownFileType = text.plist.xml; path = "iNews76-Info.plist"; sourceTree = "<group>"; };
		A5210F2616F8E206008FC5DA /* main.m */ = {isa = PBXFileReference; lastKnownFileType = sourcecode.c.objc; path = main.m; sourceTree = "<group>"; };
		A5210F2816F8E206008FC5DA /* iNews76-Prefix.pch */ = {isa = PBXFileReference; lastKnownFileType = sourcecode.c.h; path = "iNews76-Prefix.pch"; sourceTree = "<group>"; };
		A5210F2916F8E206008FC5DA /* IPAppDelegate.h */ = {isa = PBXFileReference; lastKnownFileType = sourcecode.c.h; path = IPAppDelegate.h; sourceTree = "<group>"; };
		A5210F2A16F8E206008FC5DA /* IPAppDelegate.m */ = {isa = PBXFileReference; lastKnownFileType = sourcecode.c.objc; path = IPAppDelegate.m; sourceTree = "<group>"; };
		A5210F3216F8E206008FC5DA /* IPViewController.h */ = {isa = PBXFileReference; lastKnownFileType = sourcecode.c.h; path = IPViewController.h; sourceTree = "<group>"; };
		A5210F3316F8E206008FC5DA /* IPViewController.m */ = {isa = PBXFileReference; lastKnownFileType = sourcecode.c.objc; path = IPViewController.m; sourceTree = "<group>"; };
		A5E0F49F176A13F0007A4F40 /* XQueryComponents.h */ = {isa = PBXFileReference; fileEncoding = 4; lastKnownFileType = sourcecode.c.h; path = XQueryComponents.h; sourceTree = "<group>"; };
		A5E0F4A0176A13F0007A4F40 /* XQueryComponents.m */ = {isa = PBXFileReference; fileEncoding = 4; lastKnownFileType = sourcecode.c.objc; path = XQueryComponents.m; sourceTree = "<group>"; };
		A5E873211741468A00A158D3 /* SystemConfiguration.framework */ = {isa = PBXFileReference; lastKnownFileType = wrapper.framework; name = SystemConfiguration.framework; path = System/Library/Frameworks/SystemConfiguration.framework; sourceTree = SDKROOT; };
		A5E873231741469B00A158D3 /* CoreData.framework */ = {isa = PBXFileReference; lastKnownFileType = wrapper.framework; name = CoreData.framework; path = System/Library/Frameworks/CoreData.framework; sourceTree = SDKROOT; };
		AF24EF5917636721002E2B89 /* app.zip */ = {isa = PBXFileReference; lastKnownFileType = archive.zip; path = app.zip; sourceTree = "<group>"; };
		AF6572291A5C9A2F000FC98B /* Images.xcassets */ = {isa = PBXFileReference; lastKnownFileType = folder.assetcatalog; path = Images.xcassets; sourceTree = "<group>"; };
		AF65722F1A5C9D59000FC98B /* crypt.h */ = {isa = PBXFileReference; fileEncoding = 4; lastKnownFileType = sourcecode.c.h; path = crypt.h; sourceTree = "<group>"; };
		AF6572301A5C9D59000FC98B /* ioapi.c */ = {isa = PBXFileReference; fileEncoding = 4; lastKnownFileType = sourcecode.c.c; path = ioapi.c; sourceTree = "<group>"; };
		AF6572311A5C9D59000FC98B /* ioapi.h */ = {isa = PBXFileReference; fileEncoding = 4; lastKnownFileType = sourcecode.c.h; path = ioapi.h; sourceTree = "<group>"; };
		AF6572321A5C9D59000FC98B /* MiniZip.h */ = {isa = PBXFileReference; fileEncoding = 4; lastKnownFileType = sourcecode.c.h; path = MiniZip.h; sourceTree = "<group>"; };
		AF6572331A5C9D59000FC98B /* MiniZip.m */ = {isa = PBXFileReference; fileEncoding = 4; lastKnownFileType = sourcecode.c.objc; path = MiniZip.m; sourceTree = "<group>"; };
		AF6572341A5C9D59000FC98B /* mztools.c */ = {isa = PBXFileReference; fileEncoding = 4; lastKnownFileType = sourcecode.c.c; path = mztools.c; sourceTree = "<group>"; };
		AF6572351A5C9D59000FC98B /* mztools.h */ = {isa = PBXFileReference; fileEncoding = 4; lastKnownFileType = sourcecode.c.h; path = mztools.h; sourceTree = "<group>"; };
		AF6572361A5C9D59000FC98B /* unzip.c */ = {isa = PBXFileReference; fileEncoding = 4; lastKnownFileType = sourcecode.c.c; path = unzip.c; sourceTree = "<group>"; };
		AF6572371A5C9D59000FC98B /* unzip.h */ = {isa = PBXFileReference; fileEncoding = 4; lastKnownFileType = sourcecode.c.h; path = unzip.h; sourceTree = "<group>"; };
		AF6572381A5C9D59000FC98B /* zip.c */ = {isa = PBXFileReference; fileEncoding = 4; lastKnownFileType = sourcecode.c.c; path = zip.c; sourceTree = "<group>"; };
		AF6572391A5C9D59000FC98B /* zip.h */ = {isa = PBXFileReference; fileEncoding = 4; lastKnownFileType = sourcecode.c.h; path = zip.h; sourceTree = "<group>"; };
		AF65723F1A5C9E13000FC98B /* GAI.h */ = {isa = PBXFileReference; fileEncoding = 4; lastKnownFileType = sourcecode.c.h; path = GAI.h; sourceTree = "<group>"; };
		AF6572401A5C9E13000FC98B /* GAIDictionaryBuilder.h */ = {isa = PBXFileReference; fileEncoding = 4; lastKnownFileType = sourcecode.c.h; path = GAIDictionaryBuilder.h; sourceTree = "<group>"; };
		AF6572411A5C9E13000FC98B /* GAIEcommerceFields.h */ = {isa = PBXFileReference; fileEncoding = 4; lastKnownFileType = sourcecode.c.h; path = GAIEcommerceFields.h; sourceTree = "<group>"; };
		AF6572421A5C9E13000FC98B /* GAIEcommerceProduct.h */ = {isa = PBXFileReference; fileEncoding = 4; lastKnownFileType = sourcecode.c.h; path = GAIEcommerceProduct.h; sourceTree = "<group>"; };
		AF6572431A5C9E13000FC98B /* GAIEcommerceProductAction.h */ = {isa = PBXFileReference; fileEncoding = 4; lastKnownFileType = sourcecode.c.h; path = GAIEcommerceProductAction.h; sourceTree = "<group>"; };
		AF6572441A5C9E13000FC98B /* GAIEcommercePromotion.h */ = {isa = PBXFileReference; fileEncoding = 4; lastKnownFileType = sourcecode.c.h; path = GAIEcommercePromotion.h; sourceTree = "<group>"; };
		AF6572451A5C9E13000FC98B /* GAIFields.h */ = {isa = PBXFileReference; fileEncoding = 4; lastKnownFileType = sourcecode.c.h; path = GAIFields.h; sourceTree = "<group>"; };
		AF6572461A5C9E13000FC98B /* GAILogger.h */ = {isa = PBXFileReference; fileEncoding = 4; lastKnownFileType = sourcecode.c.h; path = GAILogger.h; sourceTree = "<group>"; };
		AF6572471A5C9E13000FC98B /* GAITrackedViewController.h */ = {isa = PBXFileReference; fileEncoding = 4; lastKnownFileType = sourcecode.c.h; path = GAITrackedViewController.h; sourceTree = "<group>"; };
		AF6572481A5C9E13000FC98B /* GAITracker.h */ = {isa = PBXFileReference; fileEncoding = 4; lastKnownFileType = sourcecode.c.h; path = GAITracker.h; sourceTree = "<group>"; };
		AF65724B1A5C9E20000FC98B /* libGoogleAnalyticsServices.a */ = {isa = PBXFileReference; lastKnownFileType = archive.ar; name = libGoogleAnalyticsServices.a; path = Libraries/GA/libGoogleAnalyticsServices.a; sourceTree = "<group>"; };
/* End PBXFileReference section */

/* Begin PBXFrameworksBuildPhase section */
		A5210F1416F8E206008FC5DA /* Frameworks */ = {
			isa = PBXFrameworksBuildPhase;
			buildActionMask = 2147483647;
			files = (
				AF65724C1A5C9E20000FC98B /* libGoogleAnalyticsServices.a in Frameworks */,
				A50F820F16FF211C00F68CF8 /* libz.dylib in Frameworks */,
				A5210F1B16F8E206008FC5DA /* UIKit.framework in Frameworks */,
				A5210F1D16F8E206008FC5DA /* Foundation.framework in Frameworks */,
				A5210F1F16F8E206008FC5DA /* CoreGraphics.framework in Frameworks */,
				A5E873221741468A00A158D3 /* SystemConfiguration.framework in Frameworks */,
				A5E873241741469B00A158D3 /* CoreData.framework in Frameworks */,
			);
			runOnlyForDeploymentPostprocessing = 0;
		};
/* End PBXFrameworksBuildPhase section */

/* Begin PBXGroup section */
		A5210F0E16F8E206008FC5DA = {
			isa = PBXGroup;
			children = (
				AF24EF6517636735002E2B89 /* Libraries */,
				A5210F2016F8E206008FC5DA /* iPhones News */,
				AF24EF5817636721002E2B89 /* Resources */,
				A5210F1916F8E206008FC5DA /* Frameworks */,
				A5210F1816F8E206008FC5DA /* Products */,
			);
			sourceTree = "<group>";
		};
		A5210F1816F8E206008FC5DA /* Products */ = {
			isa = PBXGroup;
			children = (
				A5210F1716F8E206008FC5DA /* iNews76.app */,
			);
			name = Products;
			sourceTree = "<group>";
		};
		A5210F1916F8E206008FC5DA /* Frameworks */ = {
			isa = PBXGroup;
			children = (
				AF65724B1A5C9E20000FC98B /* libGoogleAnalyticsServices.a */,
				A5E873231741469B00A158D3 /* CoreData.framework */,
				A5210F1E16F8E206008FC5DA /* CoreGraphics.framework */,
				A5210F1C16F8E206008FC5DA /* Foundation.framework */,
				A50F820E16FF211C00F68CF8 /* libz.dylib */,
				A5E873211741468A00A158D3 /* SystemConfiguration.framework */,
				A5210F1A16F8E206008FC5DA /* UIKit.framework */,
			);
			name = Frameworks;
			sourceTree = "<group>";
		};
		A5210F2016F8E206008FC5DA /* iPhones News */ = {
			isa = PBXGroup;
			children = (
				A5210F2116F8E206008FC5DA /* Supporting Files */,
				A5210F2916F8E206008FC5DA /* IPAppDelegate.h */,
				A5210F2A16F8E206008FC5DA /* IPAppDelegate.m */,
				A5210F3216F8E206008FC5DA /* IPViewController.h */,
				A5210F3316F8E206008FC5DA /* IPViewController.m */,
			);
			path = "iPhones News";
			sourceTree = "<group>";
		};
		A5210F2116F8E206008FC5DA /* Supporting Files */ = {
			isa = PBXGroup;
			children = (
				A5210F2216F8E206008FC5DA /* iNews76-Info.plist */,
				A5210F2816F8E206008FC5DA /* iNews76-Prefix.pch */,
				A5210F2616F8E206008FC5DA /* main.m */,
			);
			name = "Supporting Files";
			sourceTree = "<group>";
		};
		A5E0F49D176A13C7007A4F40 /* XQueryComponents */ = {
			isa = PBXGroup;
			children = (
				A5E0F49F176A13F0007A4F40 /* XQueryComponents.h */,
				A5E0F4A0176A13F0007A4F40 /* XQueryComponents.m */,
			);
			path = XQueryComponents;
			sourceTree = "<group>";
		};
		AF24EF5817636721002E2B89 /* Resources */ = {
			isa = PBXGroup;
			children = (
				AF24EF5917636721002E2B89 /* app.zip */,
				AF6572291A5C9A2F000FC98B /* Images.xcassets */,
			);
			path = Resources;
			sourceTree = "<group>";
		};
		AF24EF6517636735002E2B89 /* Libraries */ = {
			isa = PBXGroup;
			children = (
				AF24EF6617636735002E2B89 /* GA */,
				AF65722E1A5C9D59000FC98B /* Minizip-1.1 */,
				A5E0F49D176A13C7007A4F40 /* XQueryComponents */,
			);
			path = Libraries;
			sourceTree = "<group>";
		};
		AF24EF6617636735002E2B89 /* GA */ = {
			isa = PBXGroup;
			children = (
				AF65723F1A5C9E13000FC98B /* GAI.h */,
				AF6572401A5C9E13000FC98B /* GAIDictionaryBuilder.h */,
				AF6572411A5C9E13000FC98B /* GAIEcommerceFields.h */,
				AF6572421A5C9E13000FC98B /* GAIEcommerceProduct.h */,
				AF6572431A5C9E13000FC98B /* GAIEcommerceProductAction.h */,
				AF6572441A5C9E13000FC98B /* GAIEcommercePromotion.h */,
				AF6572451A5C9E13000FC98B /* GAIFields.h */,
				AF6572461A5C9E13000FC98B /* GAILogger.h */,
				AF6572471A5C9E13000FC98B /* GAITrackedViewController.h */,
				AF6572481A5C9E13000FC98B /* GAITracker.h */,
			);
			path = GA;
			sourceTree = "<group>";
		};
		AF65722E1A5C9D59000FC98B /* Minizip-1.1 */ = {
			isa = PBXGroup;
			children = (
				AF65722F1A5C9D59000FC98B /* crypt.h */,
				AF6572301A5C9D59000FC98B /* ioapi.c */,
				AF6572311A5C9D59000FC98B /* ioapi.h */,
				AF6572321A5C9D59000FC98B /* MiniZip.h */,
				AF6572331A5C9D59000FC98B /* MiniZip.m */,
				AF6572341A5C9D59000FC98B /* mztools.c */,
				AF6572351A5C9D59000FC98B /* mztools.h */,
				AF6572361A5C9D59000FC98B /* unzip.c */,
				AF6572371A5C9D59000FC98B /* unzip.h */,
				AF6572381A5C9D59000FC98B /* zip.c */,
				AF6572391A5C9D59000FC98B /* zip.h */,
			);
			path = "Minizip-1.1";
			sourceTree = "<group>";
		};
/* End PBXGroup section */

/* Begin PBXNativeTarget section */
		A5210F1616F8E206008FC5DA /* iNews76 */ = {
			isa = PBXNativeTarget;
			buildConfigurationList = A5210F3A16F8E206008FC5DA /* Build configuration list for PBXNativeTarget "iNews76" */;
			buildPhases = (
				A5210F1316F8E206008FC5DA /* Sources */,
				A5210F1416F8E206008FC5DA /* Frameworks */,
				A5210F1516F8E206008FC5DA /* Resources */,
			);
			buildRules = (
			);
			dependencies = (
			);
			name = iNews76;
			productName = "iPhones News";
			productReference = A5210F1716F8E206008FC5DA /* iNews76.app */;
			productType = "com.apple.product-type.application";
		};
/* End PBXNativeTarget section */

/* Begin PBXProject section */
		A5210F0F16F8E206008FC5DA /* Project object */ = {
			isa = PBXProject;
			attributes = {
				CLASSPREFIX = IP;
				LastUpgradeCheck = 0500;
				ORGANIZATIONNAME = "Sergey Chikuyonok";
			};
			buildConfigurationList = A5210F1216F8E206008FC5DA /* Build configuration list for PBXProject "iNews76" */;
			compatibilityVersion = "Xcode 3.2";
			developmentRegion = English;
			hasScannedForEncodings = 0;
			knownRegions = (
				en,
			);
			mainGroup = A5210F0E16F8E206008FC5DA;
			productRefGroup = A5210F1816F8E206008FC5DA /* Products */;
			projectDirPath = "";
			projectRoot = "";
			targets = (
				A5210F1616F8E206008FC5DA /* iNews76 */,
			);
		};
/* End PBXProject section */

/* Begin PBXResourcesBuildPhase section */
		A5210F1516F8E206008FC5DA /* Resources */ = {
			isa = PBXResourcesBuildPhase;
			buildActionMask = 2147483647;
			files = (
				AF65722A1A5C9A2F000FC98B /* Images.xcassets in Resources */,
				AF24EF5F17636721002E2B89 /* app.zip in Resources */,
			);
			runOnlyForDeploymentPostprocessing = 0;
		};
/* End PBXResourcesBuildPhase section */

/* Begin PBXSourcesBuildPhase section */
		A5210F1316F8E206008FC5DA /* Sources */ = {
			isa = PBXSourcesBuildPhase;
			buildActionMask = 2147483647;
			files = (
				AF65723B1A5C9D59000FC98B /* MiniZip.m in Sources */,
				A5210F2716F8E206008FC5DA /* main.m in Sources */,
				A5210F2B16F8E206008FC5DA /* IPAppDelegate.m in Sources */,
				AF65723E1A5C9D59000FC98B /* zip.c in Sources */,
				A5210F3416F8E206008FC5DA /* IPViewController.m in Sources */,
				AF65723C1A5C9D59000FC98B /* mztools.c in Sources */,
				A5E0F4A1176A13F0007A4F40 /* XQueryComponents.m in Sources */,
				AF65723D1A5C9D59000FC98B /* unzip.c in Sources */,
				AF65723A1A5C9D59000FC98B /* ioapi.c in Sources */,
			);
			runOnlyForDeploymentPostprocessing = 0;
		};
/* End PBXSourcesBuildPhase section */

/* Begin XCBuildConfiguration section */
		A5210F3816F8E206008FC5DA /* Debug */ = {
			isa = XCBuildConfiguration;
			buildSettings = {
				ALWAYS_SEARCH_USER_PATHS = NO;
				CLANG_CXX_LANGUAGE_STANDARD = "gnu++0x";
				CLANG_CXX_LIBRARY = "libc++";
				CLANG_ENABLE_OBJC_ARC = YES;
				CLANG_WARN_CONSTANT_CONVERSION = YES;
				CLANG_WARN_EMPTY_BODY = YES;
				CLANG_WARN_ENUM_CONVERSION = YES;
				CLANG_WARN_INT_CONVERSION = YES;
				CLANG_WARN__DUPLICATE_METHOD_MATCH = YES;
				"CODE_SIGN_IDENTITY[sdk=iphoneos*]" = "iPhone Developer";
				COPY_PHASE_STRIP = NO;
				GCC_C_LANGUAGE_STANDARD = gnu99;
				GCC_DYNAMIC_NO_PIC = NO;
				GCC_OPTIMIZATION_LEVEL = 0;
				GCC_PREPROCESSOR_DEFINITIONS = (
					"DEBUG=1",
					"$(inherited)",
				);
				GCC_SYMBOLS_PRIVATE_EXTERN = NO;
				GCC_WARN_ABOUT_RETURN_TYPE = YES;
				GCC_WARN_UNINITIALIZED_AUTOS = YES;
				GCC_WARN_UNUSED_VARIABLE = YES;
				IPHONEOS_DEPLOYMENT_TARGET = 7.0;
				ONLY_ACTIVE_ARCH = YES;
				SDKROOT = iphoneos;
			};
			name = Debug;
		};
		A5210F3916F8E206008FC5DA /* Release */ = {
			isa = XCBuildConfiguration;
			buildSettings = {
				ALWAYS_SEARCH_USER_PATHS = NO;
				CLANG_CXX_LANGUAGE_STANDARD = "gnu++0x";
				CLANG_CXX_LIBRARY = "libc++";
				CLANG_ENABLE_OBJC_ARC = YES;
				CLANG_WARN_CONSTANT_CONVERSION = YES;
				CLANG_WARN_EMPTY_BODY = YES;
				CLANG_WARN_ENUM_CONVERSION = YES;
				CLANG_WARN_INT_CONVERSION = YES;
				CLANG_WARN__DUPLICATE_METHOD_MATCH = YES;
				"CODE_SIGN_IDENTITY[sdk=iphoneos*]" = "iPhone Developer";
				COPY_PHASE_STRIP = YES;
				GCC_C_LANGUAGE_STANDARD = gnu99;
				GCC_WARN_ABOUT_RETURN_TYPE = YES;
				GCC_WARN_UNINITIALIZED_AUTOS = YES;
				GCC_WARN_UNUSED_VARIABLE = YES;
				IPHONEOS_DEPLOYMENT_TARGET = 7.0;
				OTHER_CFLAGS = "-DNS_BLOCK_ASSERTIONS=1";
				SDKROOT = iphoneos;
				VALIDATE_PRODUCT = YES;
			};
			name = Release;
		};
		A5210F3B16F8E206008FC5DA /* Debug */ = {
			isa = XCBuildConfiguration;
			buildSettings = {
				ASSETCATALOG_COMPILER_APPICON_NAME = AppIcon;
				ASSETCATALOG_COMPILER_LAUNCHIMAGE_NAME = LaunchImage;
				CODE_SIGN_IDENTITY = "iPhone Developer";
				"CODE_SIGN_IDENTITY[sdk=iphoneos*]" = "iPhone Developer";
				COMPRESS_PNG_FILES = NO;
				GCC_PRECOMPILE_PREFIX_HEADER = YES;
				GCC_PREFIX_HEADER = "iPhones News/iNews76-Prefix.pch";
				GCC_PREPROCESSOR_DEFINITIONS_NOT_USED_IN_PRECOMPS = USE_FILE32API;
				INFOPLIST_FILE = "iPhones News/iNews76-Info.plist";
				IPHONEOS_DEPLOYMENT_TARGET = 7.0;
				LIBRARY_SEARCH_PATHS = (
					"$(inherited)",
					"$(SRCROOT)/Libraries/GA",
				);
				PRODUCT_NAME = iNews76;
				PROVISIONING_PROFILE = "";
				"PROVISIONING_PROFILE[sdk=iphoneos*]" = "";
				WRAPPER_EXTENSION = app;
			};
			name = Debug;
		};
		A5210F3C16F8E206008FC5DA /* Release */ = {
			isa = XCBuildConfiguration;
			buildSettings = {
				ASSETCATALOG_COMPILER_APPICON_NAME = AppIcon;
				ASSETCATALOG_COMPILER_LAUNCHIMAGE_NAME = LaunchImage;
				CODE_SIGN_IDENTITY = "iPhone Developer";
				"CODE_SIGN_IDENTITY[sdk=iphoneos*]" = "iPhone Developer";
				COMPRESS_PNG_FILES = NO;
				GCC_PRECOMPILE_PREFIX_HEADER = YES;
				GCC_PREFIX_HEADER = "iPhones News/iNews76-Prefix.pch";
				GCC_PREPROCESSOR_DEFINITIONS_NOT_USED_IN_PRECOMPS = USE_FILE32API;
				INFOPLIST_FILE = "iPhones News/iNews76-Info.plist";
				IPHONEOS_DEPLOYMENT_TARGET = 7.0;
				LIBRARY_SEARCH_PATHS = (
					"$(inherited)",
					"$(SRCROOT)/Libraries/GA",
				);
				PRODUCT_NAME = iNews76;
				PROVISIONING_PROFILE = "";
				"PROVISIONING_PROFILE[sdk=iphoneos*]" = "";
				WRAPPER_EXTENSION = app;
			};
			name = Release;
		};
		AF4C35AE178222CC00128B3D /* Distribution */ = {
			isa = XCBuildConfiguration;
			buildSettings = {
				ALWAYS_SEARCH_USER_PATHS = NO;
				CLANG_CXX_LANGUAGE_STANDARD = "gnu++0x";
				CLANG_CXX_LIBRARY = "libc++";
				CLANG_ENABLE_OBJC_ARC = YES;
				CLANG_WARN_CONSTANT_CONVERSION = YES;
				CLANG_WARN_EMPTY_BODY = YES;
				CLANG_WARN_ENUM_CONVERSION = YES;
				CLANG_WARN_INT_CONVERSION = YES;
				CLANG_WARN__DUPLICATE_METHOD_MATCH = YES;
				"CODE_SIGN_IDENTITY[sdk=iphoneos*]" = "iPhone Developer";
				COPY_PHASE_STRIP = YES;
				GCC_C_LANGUAGE_STANDARD = gnu99;
				GCC_WARN_ABOUT_RETURN_TYPE = YES;
				GCC_WARN_UNINITIALIZED_AUTOS = YES;
				GCC_WARN_UNUSED_VARIABLE = YES;
				IPHONEOS_DEPLOYMENT_TARGET = 7.0;
				OTHER_CFLAGS = "-DNS_BLOCK_ASSERTIONS=1";
				SDKROOT = iphoneos;
				VALIDATE_PRODUCT = YES;
			};
			name = Distribution;
		};
		AF4C35AF178222CC00128B3D /* Distribution */ = {
			isa = XCBuildConfiguration;
			buildSettings = {
				ASSETCATALOG_COMPILER_APPICON_NAME = AppIcon;
				ASSETCATALOG_COMPILER_LAUNCHIMAGE_NAME = LaunchImage;
				CODE_SIGN_IDENTITY = "iPhone Developer";
				"CODE_SIGN_IDENTITY[sdk=iphoneos*]" = "iPhone Developer";
				COMPRESS_PNG_FILES = NO;
				GCC_PRECOMPILE_PREFIX_HEADER = YES;
				GCC_PREFIX_HEADER = "iPhones News/iNews76-Prefix.pch";
				GCC_PREPROCESSOR_DEFINITIONS_NOT_USED_IN_PRECOMPS = USE_FILE32API;
				INFOPLIST_FILE = "iPhones News/iNews76-Info.plist";
				IPHONEOS_DEPLOYMENT_TARGET = 7.0;
				LIBRARY_SEARCH_PATHS = (
					"$(inherited)",
					"$(SRCROOT)/Libraries/GA",
				);
				PRODUCT_NAME = iNews76;
				PROVISIONING_PROFILE = "";
				"PROVISIONING_PROFILE[sdk=iphoneos*]" = "";
				WRAPPER_EXTENSION = app;
			};
			name = Distribution;
		};
/* End XCBuildConfiguration section */

/* Begin XCConfigurationList section */
		A5210F1216F8E206008FC5DA /* Build configuration list for PBXProject "iNews76" */ = {
			isa = XCConfigurationList;
			buildConfigurations = (
				A5210F3816F8E206008FC5DA /* Debug */,
				A5210F3916F8E206008FC5DA /* Release */,
				AF4C35AE178222CC00128B3D /* Distribution */,
			);
			defaultConfigurationIsVisible = 0;
			defaultConfigurationName = Release;
		};
		A5210F3A16F8E206008FC5DA /* Build configuration list for PBXNativeTarget "iNews76" */ = {
			isa = XCConfigurationList;
			buildConfigurations = (
				A5210F3B16F8E206008FC5DA /* Debug */,
				A5210F3C16F8E206008FC5DA /* Release */,
				AF4C35AF178222CC00128B3D /* Distribution */,
			);
			defaultConfigurationIsVisible = 0;
			defaultConfigurationName = Release;
		};
/* End XCConfigurationList section */
	};
	rootObject = A5210F0F16F8E206008FC5DA /* Project object */;
}
